
Microsoft Visual Studio Solution File, Format Version 12.00
# Visual Studio Version 17
VisualStudioVersion = 17.5.002.0
MinimumVisualStudioVersion = 10.0.40219.1
Project("{2150E333-8FDC-42A3-9474-1A3956D46DE8}") = "packages", "packages", "{E5A3F437-ED13-44BE-B2E4-D1091EBA7981}"
EndProject
Project("{2150E333-8FDC-42A3-9474-1A3956D46DE8}") = "csharp", "csharp", "{38782758-04ED-4BCE-BC54-13BDAC46FB4F}"
EndProject
Project("{9A19103F-16F7-4668-BE54-9A1E7A4F7556}") = "MyFirstCSharpFunction", "packages\csharp\MyFirstCSharpFunction\MyFirstCSharpFunction.csproj", "{1E3E3968-60E6-4060-B2EF-102B56F24421}"
EndProject
Project("{2150E333-8FDC-42A3-9474-1A3956D46DE8}") = "node_modules", "node_modules", "{DD6D942A-6EE5-42D2-9D81-A28B572BDE5B}"
EndProject
Project("{2150E333-8FDC-42A3-9474-1A3956D46DE8}") = "sst", "sst", "{D8435C69-DC33-48C3-ACA5-73A3F9211501}"
EndProject
Project("{2150E333-8FDC-42A3-9474-1A3956D46DE8}") = "support", "support", "{17B4A432-A945-40B6-A49C-9AFF6A65B292}"
EndProject
Project("{9A19103F-16F7-4668-BE54-9A1E7A4F7556}") = "dotnet-bootstrap", "node_modules\sst\support\dotnet31-bootstrap\dotnet-bootstrap.csproj", "{762480A3-3FDE-449C-B6C6-0360AB4AA74A}"
EndProject
Project("{9A19103F-16F7-4668-BE54-9A1E7A4F7556}") = "dotnet-bootstrap (1)", "node_modules\sst\support\dotnet6-bootstrap\dotnet-bootstrap.csproj", "{67D5AAA0-8617-4994-9B14-081B225BF221}"
EndProject
Project("{2150E333-8FDC-42A3-9474-1A3956D46DE8}") = "sst-aws-cdk", "sst-aws-cdk", "{6CA52A7D-50D7-4F3B-A6FD-714141620221}"
EndProject
Project("{2150E333-8FDC-42A3-9474-1A3956D46DE8}") = "lib", "lib", "{3AE945A3-3095-45A6-BD08-1467AFEE096F}"
EndProject
Project("{2150E333-8FDC-42A3-9474-1A3956D46DE8}") = "init-templates", "init-templates", "{CDEA8C67-D854-42D4-AD20-1790F3DECA27}"
EndProject
Project("{2150E333-8FDC-42A3-9474-1A3956D46DE8}") = "app", "app", "{8A89BE5C-47C3-4A5F-876D-AC31C6472703}"
EndProject
Project("{2150E333-8FDC-42A3-9474-1A3956D46DE8}") = "csharp", "csharp", "{AC4682AE-DFD4-4B00-B7B3-17357F8CA5D9}"
EndProject
Project("{2150E333-8FDC-42A3-9474-1A3956D46DE8}") = "src", "src", "{CE3E6C19-2328-4B15-BFD0-24E4475D666F}"
EndProject
Project("{9A19103F-16F7-4668-BE54-9A1E7A4F7556}") = "%name.PascalCased%.template", "node_modules\sst-aws-cdk\lib\init-templates\app\csharp\src\%name.PascalCased%\%name.PascalCased%.template.csproj", "{E260E351-B408-4A2D-BC3B-BC0C4863BFEE}"
EndProject
Project("{2150E333-8FDC-42A3-9474-1A3956D46DE8}") = "sample-app", "sample-app", "{E0C29E54-D2A1-4729-8D10-A2AC6546B2B5}"
EndProject
Project("{2150E333-8FDC-42A3-9474-1A3956D46DE8}") = "csharp", "csharp", "{13C26B31-179A-47FE-995F-80313D78FBE0}"
EndProject
Project("{2150E333-8FDC-42A3-9474-1A3956D46DE8}") = "src", "src", "{422BC75F-1A13-415C-BB72-8EA70DBA13C3}"
EndProject
Project("{9A19103F-16F7-4668-BE54-9A1E7A4F7556}") = "%name.PascalCased%.template", "node_modules\sst-aws-cdk\lib\init-templates\sample-app\csharp\src\%name.PascalCased%\%name.PascalCased%.template.csproj", "{886A34F5-23D4-4213-B739-574E1E3F57EF}"
EndProject
Global
	GlobalSection(SolutionConfigurationPlatforms) = preSolution
		Debug|Any CPU = Debug|Any CPU
		Release|Any CPU = Release|Any CPU
	EndGlobalSection
	GlobalSection(ProjectConfigurationPlatforms) = postSolution
		{1E3E3968-60E6-4060-B2EF-102B56F24421}.Debug|Any CPU.ActiveCfg = Debug|Any CPU
		{1E3E3968-60E6-4060-B2EF-102B56F24421}.Debug|Any CPU.Build.0 = Debug|Any CPU
		{1E3E3968-60E6-4060-B2EF-102B56F24421}.Release|Any CPU.ActiveCfg = Release|Any CPU
		{1E3E3968-60E6-4060-B2EF-102B56F24421}.Release|Any CPU.Build.0 = Release|Any CPU
		{762480A3-3FDE-449C-B6C6-0360AB4AA74A}.Debug|Any CPU.ActiveCfg = Debug|Any CPU
		{762480A3-3FDE-449C-B6C6-0360AB4AA74A}.Debug|Any CPU.Build.0 = Debug|Any CPU
		{762480A3-3FDE-449C-B6C6-0360AB4AA74A}.Release|Any CPU.ActiveCfg = Release|Any CPU
		{762480A3-3FDE-449C-B6C6-0360AB4AA74A}.Release|Any CPU.Build.0 = Release|Any CPU
		{67D5AAA0-8617-4994-9B14-081B225BF221}.Debug|Any CPU.ActiveCfg = Debug|Any CPU
		{67D5AAA0-8617-4994-9B14-081B225BF221}.Debug|Any CPU.Build.0 = Debug|Any CPU
		{67D5AAA0-8617-4994-9B14-081B225BF221}.Release|Any CPU.ActiveCfg = Release|Any CPU
		{67D5AAA0-8617-4994-9B14-081B225BF221}.Release|Any CPU.Build.0 = Release|Any CPU
		{E260E351-B408-4A2D-BC3B-BC0C4863BFEE}.Debug|Any CPU.ActiveCfg = Debug|Any CPU
		{E260E351-B408-4A2D-BC3B-BC0C4863BFEE}.Debug|Any CPU.Build.0 = Debug|Any CPU
		{E260E351-B408-4A2D-BC3B-BC0C4863BFEE}.Release|Any CPU.ActiveCfg = Release|Any CPU
		{E260E351-B408-4A2D-BC3B-BC0C4863BFEE}.Release|Any CPU.Build.0 = Release|Any CPU
		{886A34F5-23D4-4213-B739-574E1E3F57EF}.Debug|Any CPU.ActiveCfg = Debug|Any CPU
		{886A34F5-23D4-4213-B739-574E1E3F57EF}.Debug|Any CPU.Build.0 = Debug|Any CPU
		{886A34F5-23D4-4213-B739-574E1E3F57EF}.Release|Any CPU.ActiveCfg = Release|Any CPU
		{886A34F5-23D4-4213-B739-574E1E3F57EF}.Release|Any CPU.Build.0 = Release|Any CPU
	EndGlobalSection
	GlobalSection(SolutionProperties) = preSolution
		HideSolutionNode = FALSE
	EndGlobalSection
	GlobalSection(NestedProjects) = preSolution
		{38782758-04ED-4BCE-BC54-13BDAC46FB4F} = {E5A3F437-ED13-44BE-B2E4-D1091EBA7981}
		{1E3E3968-60E6-4060-B2EF-102B56F24421} = {38782758-04ED-4BCE-BC54-13BDAC46FB4F}
		{D8435C69-DC33-48C3-ACA5-73A3F9211501} = {DD6D942A-6EE5-42D2-9D81-A28B572BDE5B}
		{17B4A432-A945-40B6-A49C-9AFF6A65B292} = {D8435C69-DC33-48C3-ACA5-73A3F9211501}
		{762480A3-3FDE-449C-B6C6-0360AB4AA74A} = {17B4A432-A945-40B6-A49C-9AFF6A65B292}
		{67D5AAA0-8617-4994-9B14-081B225BF221} = {17B4A432-A945-40B6-A49C-9AFF6A65B292}
		{6CA52A7D-50D7-4F3B-A6FD-714141620221} = {DD6D942A-6EE5-42D2-9D81-A28B572BDE5B}
		{3AE945A3-3095-45A6-BD08-1467AFEE096F} = {6CA52A7D-50D7-4F3B-A6FD-714141620221}
		{CDEA8C67-D854-42D4-AD20-1790F3DECA27} = {3AE945A3-3095-45A6-BD08-1467AFEE096F}
		{8A89BE5C-47C3-4A5F-876D-AC31C6472703} = {CDEA8C67-D854-42D4-AD20-1790F3DECA27}
		{AC4682AE-DFD4-4B00-B7B3-17357F8CA5D9} = {8A89BE5C-47C3-4A5F-876D-AC31C6472703}
		{CE3E6C19-2328-4B15-BFD0-24E4475D666F} = {AC4682AE-DFD4-4B00-B7B3-17357F8CA5D9}
		{E260E351-B408-4A2D-BC3B-BC0C4863BFEE} = {CE3E6C19-2328-4B15-BFD0-24E4475D666F}
		{E0C29E54-D2A1-4729-8D10-A2AC6546B2B5} = {CDEA8C67-D854-42D4-AD20-1790F3DECA27}
		{13C26B31-179A-47FE-995F-80313D78FBE0} = {E0C29E54-D2A1-4729-8D10-A2AC6546B2B5}
		{422BC75F-1A13-415C-BB72-8EA70DBA13C3} = {13C26B31-179A-47FE-995F-80313D78FBE0}
		{886A34F5-23D4-4213-B739-574E1E3F57EF} = {422BC75F-1A13-415C-BB72-8EA70DBA13C3}
	EndGlobalSection
	GlobalSection(ExtensibilityGlobals) = postSolution
		SolutionGuid = {DFB3FAD0-780D-4551-A083-E6C299841F23}
	EndGlobalSection
EndGlobal
